
Microsoft Visual Studio Solution File, Format Version 12.00
# Visual Studio Version 16
VisualStudioVersion = 16.0.29123.88
MinimumVisualStudioVersion = 10.0.40219.1
Project("{FAE04EC0-301F-11D3-BF4B-00C04F79EFBC}") = "DepartmentsEmployees", "DepartmentsEmployees\DepartmentsEmployees.csproj", "{5B69561B-0632-4699-B11C-B9C2B4975585}"
EndProject
Global
	GlobalSection(SolutionConfigurationPlatforms) = preSolution
		Debug|Any CPU = Debug|Any CPU
		Release|Any CPU = Release|Any CPU
	EndGlobalSection
	GlobalSection(ProjectConfigurationPlatforms) = postSolution
		{5B69561B-0632-4699-B11C-B9C2B4975585}.Debug|Any CPU.ActiveCfg = Debug|Any CPU
		{5B69561B-0632-4699-B11C-B9C2B4975585}.Debug|Any CPU.Build.0 = Debug|Any CPU
		{5B69561B-0632-4699-B11C-B9C2B4975585}.Release|Any CPU.ActiveCfg = Release|Any CPU
		{5B69561B-0632-4699-B11C-B9C2B4975585}.Release|Any CPU.Build.0 = Release|Any CPU
	EndGlobalSection
	GlobalSection(SolutionProperties) = preSolution
		HideSolutionNode = FALSE
	EndGlobalSection
	GlobalSection(ExtensibilityGlobals) = postSolution
		SolutionGuid = {817730FB-F89D-4CA6-91F0-E20143333F17}
	EndGlobalSection
EndGlobal
